
Microsoft Visual Studio Solution File, Format Version 11.00
# Visual Studio 2010
Project("{FAE04EC0-301F-11D3-BF4B-00C04F79EFBC}") = "Assembly-CSharp", "Assembly-CSharp.csproj", "{0e2efbf3-3cf8-8f13-7209-ebc910aa9eac}"
EndProject
Global
	GlobalSection(SolutionConfigurationPlatforms) = preSolution
		Debug|Any CPU = Debug|Any CPU
		Release|Any CPU = Release|Any CPU
	EndGlobalSection
	GlobalSection(ProjectConfigurationPlatforms) = postSolution
		{0e2efbf3-3cf8-8f13-7209-ebc910aa9eac}.Debug|Any CPU.ActiveCfg = Debug|Any CPU
		{0e2efbf3-3cf8-8f13-7209-ebc910aa9eac}.Debug|Any CPU.Build.0 = Debug|Any CPU
		{0e2efbf3-3cf8-8f13-7209-ebc910aa9eac}.Release|Any CPU.ActiveCfg = Release|Any CPU
		{0e2efbf3-3cf8-8f13-7209-ebc910aa9eac}.Release|Any CPU.Build.0 = Release|Any CPU
	EndGlobalSection
	GlobalSection(SolutionProperties) = preSolution
		HideSolutionNode = FALSE
	EndGlobalSection
EndGlobal
